
Microsoft Visual Studio Solution File, Format Version 12.00
# Visual Studio Version 17
VisualStudioVersion = 17.9.34902.65
MinimumVisualStudioVersion = 10.0.40219.1
Project("{9A19103F-16F7-4668-BE54-9A1E7A4F7556}") = "ApiClases_20270722_Proyecto", "ApiClases_20270722_Proyecto\ApiClases_20270722_Proyecto.csproj", "{3EBF6ACF-0244-42FC-8F81-91B24F5BC22D}"
EndProject
Project("{54A90642-561A-4BB1-A94E-469ADEE60C69}") = "Frontal", "Frontal\Frontal.esproj", "{8FF0D8AB-DD1E-4DF4-9650-B95EC6407D45}"
EndProject
Global
	GlobalSection(SolutionConfigurationPlatforms) = preSolution
		Debug|Any CPU = Debug|Any CPU
		Release|Any CPU = Release|Any CPU
	EndGlobalSection
	GlobalSection(ProjectConfigurationPlatforms) = postSolution
		{3EBF6ACF-0244-42FC-8F81-91B24F5BC22D}.Debug|Any CPU.ActiveCfg = Debug|Any CPU
		{3EBF6ACF-0244-42FC-8F81-91B24F5BC22D}.Debug|Any CPU.Build.0 = Debug|Any CPU
		{3EBF6ACF-0244-42FC-8F81-91B24F5BC22D}.Release|Any CPU.ActiveCfg = Release|Any CPU
		{3EBF6ACF-0244-42FC-8F81-91B24F5BC22D}.Release|Any CPU.Build.0 = Release|Any CPU
		{8FF0D8AB-DD1E-4DF4-9650-B95EC6407D45}.Debug|Any CPU.ActiveCfg = Debug|Any CPU
		{8FF0D8AB-DD1E-4DF4-9650-B95EC6407D45}.Debug|Any CPU.Build.0 = Debug|Any CPU
		{8FF0D8AB-DD1E-4DF4-9650-B95EC6407D45}.Debug|Any CPU.Deploy.0 = Debug|Any CPU
		{8FF0D8AB-DD1E-4DF4-9650-B95EC6407D45}.Release|Any CPU.ActiveCfg = Release|Any CPU
		{8FF0D8AB-DD1E-4DF4-9650-B95EC6407D45}.Release|Any CPU.Build.0 = Release|Any CPU
		{8FF0D8AB-DD1E-4DF4-9650-B95EC6407D45}.Release|Any CPU.Deploy.0 = Release|Any CPU
	EndGlobalSection
	GlobalSection(SolutionProperties) = preSolution
		HideSolutionNode = FALSE
	EndGlobalSection
	GlobalSection(ExtensibilityGlobals) = postSolution
		SolutionGuid = {0BA76153-D7B2-4CDA-BA4B-C2C49B08EBC3}
	EndGlobalSection
EndGlobal
